// !$*UTF8*$!
{
	archiveVersion = 1;
	classes = {
	};
	objectVersion = 46;
	objects = {

/* Begin PBXBuildFile section */
		EB19A3D019228F79000327F0 /* Foundation.framework in Frameworks */ = {isa = PBXBuildFile; fileRef = EB19A3CF19228F79000327F0 /* Foundation.framework */; };
		EB19A3D219228F79000327F0 /* CoreGraphics.framework in Frameworks */ = {isa = PBXBuildFile; fileRef = EB19A3D119228F79000327F0 /* CoreGraphics.framework */; };
		EB19A3D419228F79000327F0 /* UIKit.framework in Frameworks */ = {isa = PBXBuildFile; fileRef = EB19A3D319228F79000327F0 /* UIKit.framework */; };
		EB19A3DA19228F79000327F0 /* InfoPlist.strings in Resources */ = {isa = PBXBuildFile; fileRef = EB19A3D819228F79000327F0 /* InfoPlist.strings */; };
		EB19A3DC19228F79000327F0 /* main.m in Sources */ = {isa = PBXBuildFile; fileRef = EB19A3DB19228F79000327F0 /* main.m */; };
		EB19A3E019228F79000327F0 /* ZKAppDelegate.m in Sources */ = {isa = PBXBuildFile; fileRef = EB19A3DF19228F79000327F0 /* ZKAppDelegate.m */; };
		EB19A3E219228F79000327F0 /* Images.xcassets in Resources */ = {isa = PBXBuildFile; fileRef = EB19A3E119228F79000327F0 /* Images.xcassets */; };
		EB19A3E919228F79000327F0 /* XCTest.framework in Frameworks */ = {isa = PBXBuildFile; fileRef = EB19A3E819228F79000327F0 /* XCTest.framework */; };
		EB19A3EA19228F79000327F0 /* Foundation.framework in Frameworks */ = {isa = PBXBuildFile; fileRef = EB19A3CF19228F79000327F0 /* Foundation.framework */; };
		EB19A3EB19228F79000327F0 /* UIKit.framework in Frameworks */ = {isa = PBXBuildFile; fileRef = EB19A3D319228F79000327F0 /* UIKit.framework */; };
		EB19A3F319228F79000327F0 /* InfoPlist.strings in Resources */ = {isa = PBXBuildFile; fileRef = EB19A3F119228F79000327F0 /* InfoPlist.strings */; };
		EB19A3F519228F79000327F0 /* ShoppingAssistantTests.m in Sources */ = {isa = PBXBuildFile; fileRef = EB19A3F419228F79000327F0 /* ShoppingAssistantTests.m */; };
/* End PBXBuildFile section */

/* Begin PBXContainerItemProxy section */
		EB19A3EC19228F79000327F0 /* PBXContainerItemProxy */ = {
			isa = PBXContainerItemProxy;
			containerPortal = EB19A3C419228F79000327F0 /* Project object */;
			proxyType = 1;
			remoteGlobalIDString = EB19A3CB19228F79000327F0;
			remoteInfo = ShoppingAssistant;
		};
/* End PBXContainerItemProxy section */

/* Begin PBXFileReference section */
		EB19A3CC19228F79000327F0 /* ShoppingAssistant.app */ = {isa = PBXFileReference; explicitFileType = wrapper.application; includeInIndex = 0; path = ShoppingAssistant.app; sourceTree = BUILT_PRODUCTS_DIR; };
		EB19A3CF19228F79000327F0 /* Foundation.framework */ = {isa = PBXFileReference; lastKnownFileType = wrapper.framework; name = Foundation.framework; path = System/Library/Frameworks/Foundation.framework; sourceTree = SDKROOT; };
		EB19A3D119228F79000327F0 /* CoreGraphics.framework */ = {isa = PBXFileReference; lastKnownFileType = wrapper.framework; name = CoreGraphics.framework; path = System/Library/Frameworks/CoreGraphics.framework; sourceTree = SDKROOT; };
		EB19A3D319228F79000327F0 /* UIKit.framework */ = {isa = PBXFileReference; lastKnownFileType = wrapper.framework; name = UIKit.framework; path = System/Library/Frameworks/UIKit.framework; sourceTree = SDKROOT; };
		EB19A3D719228F79000327F0 /* ShoppingAssistant-Info.plist */ = {isa = PBXFileReference; lastKnownFileType = text.plist.xml; path = "ShoppingAssistant-Info.plist"; sourceTree = "<group>"; };
		EB19A3D919228F79000327F0 /* en */ = {isa = PBXFileReference; lastKnownFileType = text.plist.strings; name = en; path = en.lproj/InfoPlist.strings; sourceTree = "<group>"; };
		EB19A3DB19228F79000327F0 /* main.m */ = {isa = PBXFileReference; lastKnownFileType = sourcecode.c.objc; path = main.m; sourceTree = "<group>"; };
		EB19A3DD19228F79000327F0 /* ShoppingAssistant-Prefix.pch */ = {isa = PBXFileReference; lastKnownFileType = sourcecode.c.h; path = "ShoppingAssistant-Prefix.pch"; sourceTree = "<group>"; };
		EB19A3DE19228F79000327F0 /* ZKAppDelegate.h */ = {isa = PBXFileReference; lastKnownFileType = sourcecode.c.h; path = ZKAppDelegate.h; sourceTree = "<group>"; };
		EB19A3DF19228F79000327F0 /* ZKAppDelegate.m */ = {isa = PBXFileReference; lastKnownFileType = sourcecode.c.objc; path = ZKAppDelegate.m; sourceTree = "<group>"; };
		EB19A3E119228F79000327F0 /* Images.xcassets */ = {isa = PBXFileReference; lastKnownFileType = folder.assetcatalog; path = Images.xcassets; sourceTree = "<group>"; };
		EB19A3E719228F79000327F0 /* ShoppingAssistantTests.xctest */ = {isa = PBXFileReference; explicitFileType = wrapper.cfbundle; includeInIndex = 0; path = ShoppingAssistantTests.xctest; sourceTree = BUILT_PRODUCTS_DIR; };
		EB19A3E819228F79000327F0 /* XCTest.framework */ = {isa = PBXFileReference; lastKnownFileType = wrapper.framework; name = XCTest.framework; path = Library/Frameworks/XCTest.framework; sourceTree = DEVELOPER_DIR; };
		EB19A3F019228F79000327F0 /* ShoppingAssistantTests-Info.plist */ = {isa = PBXFileReference; lastKnownFileType = text.plist.xml; path = "ShoppingAssistantTests-Info.plist"; sourceTree = "<group>"; };
		EB19A3F219228F79000327F0 /* en */ = {isa = PBXFileReference; lastKnownFileType = text.plist.strings; name = en; path = en.lproj/InfoPlist.strings; sourceTree = "<group>"; };
		EB19A3F419228F79000327F0 /* ShoppingAssistantTests.m */ = {isa = PBXFileReference; lastKnownFileType = sourcecode.c.objc; path = ShoppingAssistantTests.m; sourceTree = "<group>"; };
/* End PBXFileReference section */

/* Begin PBXFrameworksBuildPhase section */
		EB19A3C919228F79000327F0 /* Frameworks */ = {
			isa = PBXFrameworksBuildPhase;
			buildActionMask = 2147483647;
			files = (
				EB19A3D219228F79000327F0 /* CoreGraphics.framework in Frameworks */,
				EB19A3D419228F79000327F0 /* UIKit.framework in Frameworks */,
				EB19A3D019228F79000327F0 /* Foundation.framework in Frameworks */,
			);
			runOnlyForDeploymentPostprocessing = 0;
		};
		EB19A3E419228F79000327F0 /* Frameworks */ = {
			isa = PBXFrameworksBuildPhase;
			buildActionMask = 2147483647;
			files = (
				EB19A3E919228F79000327F0 /* XCTest.framework in Frameworks */,
				EB19A3EB19228F79000327F0 /* UIKit.framework in Frameworks */,
				EB19A3EA19228F79000327F0 /* Foundation.framework in Frameworks */,
			);
			runOnlyForDeploymentPostprocessing = 0;
		};
/* End PBXFrameworksBuildPhase section */

/* Begin PBXGroup section */
		EB19A3C319228F79000327F0 = {
			isa = PBXGroup;
			children = (
				EB19A3D519228F79000327F0 /* ShoppingAssistant */,
				EB19A3EE19228F79000327F0 /* ShoppingAssistantTests */,
				EB19A3CE19228F79000327F0 /* Frameworks */,
				EB19A3CD19228F79000327F0 /* Products */,
			);
			sourceTree = "<group>";
		};
		EB19A3CD19228F79000327F0 /* Products */ = {
			isa = PBXGroup;
			children = (
				EB19A3CC19228F79000327F0 /* ShoppingAssistant.app */,
				EB19A3E719228F79000327F0 /* ShoppingAssistantTests.xctest */,
			);
			name = Products;
			sourceTree = "<group>";
		};
		EB19A3CE19228F79000327F0 /* Frameworks */ = {
			isa = PBXGroup;
			children = (
				EB19A3CF19228F79000327F0 /* Foundation.framework */,
				EB19A3D119228F79000327F0 /* CoreGraphics.framework */,
				EB19A3D319228F79000327F0 /* UIKit.framework */,
				EB19A3E819228F79000327F0 /* XCTest.framework */,
			);
			name = Frameworks;
			sourceTree = "<group>";
		};
		EB19A3D519228F79000327F0 /* ShoppingAssistant */ = {
			isa = PBXGroup;
			children = (
				EB19A3DE19228F79000327F0 /* ZKAppDelegate.h */,
				EB19A3DF19228F79000327F0 /* ZKAppDelegate.m */,
				EB19A3E119228F79000327F0 /* Images.xcassets */,
				EB19A3D619228F79000327F0 /* Supporting Files */,
			);
			path = ShoppingAssistant;
			sourceTree = "<group>";
		};
		EB19A3D619228F79000327F0 /* Supporting Files */ = {
			isa = PBXGroup;
			children = (
				EB19A3D719228F79000327F0 /* ShoppingAssistant-Info.plist */,
				EB19A3D819228F79000327F0 /* InfoPlist.strings */,
				EB19A3DB19228F79000327F0 /* main.m */,
				EB19A3DD19228F79000327F0 /* ShoppingAssistant-Prefix.pch */,
			);
			name = "Supporting Files";
			sourceTree = "<group>";
		};
		EB19A3EE19228F79000327F0 /* ShoppingAssistantTests */ = {
			isa = PBXGroup;
			children = (
				EB19A3F419228F79000327F0 /* ShoppingAssistantTests.m */,
				EB19A3EF19228F79000327F0 /* Supporting Files */,
			);
			path = ShoppingAssistantTests;
			sourceTree = "<group>";
		};
		EB19A3EF19228F79000327F0 /* Supporting Files */ = {
			isa = PBXGroup;
			children = (
				EB19A3F019228F79000327F0 /* ShoppingAssistantTests-Info.plist */,
				EB19A3F119228F79000327F0 /* InfoPlist.strings */,
			);
			name = "Supporting Files";
			sourceTree = "<group>";
		};
/* End PBXGroup section */

/* Begin PBXNativeTarget section */
		EB19A3CB19228F79000327F0 /* ShoppingAssistant */ = {
			isa = PBXNativeTarget;
			buildConfigurationList = EB19A3F819228F79000327F0 /* Build configuration list for PBXNativeTarget "ShoppingAssistant" */;
			buildPhases = (
				EB19A3C819228F79000327F0 /* Sources */,
				EB19A3C919228F79000327F0 /* Frameworks */,
				EB19A3CA19228F79000327F0 /* Resources */,
			);
			buildRules = (
			);
			dependencies = (
			);
			name = ShoppingAssistant;
			productName = ShoppingAssistant;
			productReference = EB19A3CC19228F79000327F0 /* ShoppingAssistant.app */;
			productType = "com.apple.product-type.application";
		};
		EB19A3E619228F79000327F0 /* ShoppingAssistantTests */ = {
			isa = PBXNativeTarget;
			buildConfigurationList = EB19A3FB19228F79000327F0 /* Build configuration list for PBXNativeTarget "ShoppingAssistantTests" */;
			buildPhases = (
				EB19A3E319228F79000327F0 /* Sources */,
				EB19A3E419228F79000327F0 /* Frameworks */,
				EB19A3E519228F79000327F0 /* Resources */,
			);
			buildRules = (
			);
			dependencies = (
				EB19A3ED19228F79000327F0 /* PBXTargetDependency */,
			);
			name = ShoppingAssistantTests;
			productName = ShoppingAssistantTests;
			productReference = EB19A3E719228F79000327F0 /* ShoppingAssistantTests.xctest */;
			productType = "com.apple.product-type.bundle.unit-test";
		};
/* End PBXNativeTarget section */

/* Begin PBXProject section */
		EB19A3C419228F79000327F0 /* Project object */ = {
			isa = PBXProject;
			attributes = {
				CLASSPREFIX = ZK;
				LastUpgradeCheck = 0510;
				ORGANIZATIONNAME = zikong;
				TargetAttributes = {
					EB19A3E619228F79000327F0 = {
						TestTargetID = EB19A3CB19228F79000327F0;
					};
				};
			};
			buildConfigurationList = EB19A3C719228F79000327F0 /* Build configuration list for PBXProject "ShoppingAssistant" */;
			compatibilityVersion = "Xcode 3.2";
			developmentRegion = English;
			hasScannedForEncodings = 0;
			knownRegions = (
				en,
			);
			mainGroup = EB19A3C319228F79000327F0;
			productRefGroup = EB19A3CD19228F79000327F0 /* Products */;
			projectDirPath = "";
			projectRoot = "";
			targets = (
				EB19A3CB19228F79000327F0 /* ShoppingAssistant */,
				EB19A3E619228F79000327F0 /* ShoppingAssistantTests */,
			);
		};
/* End PBXProject section */

/* Begin PBXResourcesBuildPhase section */
		EB19A3CA19228F79000327F0 /* Resources */ = {
			isa = PBXResourcesBuildPhase;
			buildActionMask = 2147483647;
			files = (
				EB19A3DA19228F79000327F0 /* InfoPlist.strings in Resources */,
				EB19A3E219228F79000327F0 /* Images.xcassets in Resources */,
			);
			runOnlyForDeploymentPostprocessing = 0;
		};
		EB19A3E519228F79000327F0 /* Resources */ = {
			isa = PBXResourcesBuildPhase;
			buildActionMask = 2147483647;
			files = (
				EB19A3F319228F79000327F0 /* InfoPlist.strings in Resources */,
			);
			runOnlyForDeploymentPostprocessing = 0;
		};
/* End PBXResourcesBuildPhase section */

/* Begin PBXSourcesBuildPhase section */
		EB19A3C819228F79000327F0 /* Sources */ = {
			isa = PBXSourcesBuildPhase;
			buildActionMask = 2147483647;
			files = (
				EB19A3DC19228F79000327F0 /* main.m in Sources */,
				EB19A3E019228F79000327F0 /* ZKAppDelegate.m in Sources */,
			);
			runOnlyForDeploymentPostprocessing = 0;
		};
		EB19A3E319228F79000327F0 /* Sources */ = {
			isa = PBXSourcesBuildPhase;
			buildActionMask = 2147483647;
			files = (
				EB19A3F519228F79000327F0 /* ShoppingAssistantTests.m in Sources */,
			);
			runOnlyForDeploymentPostprocessing = 0;
		};
/* End PBXSourcesBuildPhase section */

/* Begin PBXTargetDependency section */
		EB19A3ED19228F79000327F0 /* PBXTargetDependency */ = {
			isa = PBXTargetDependency;
			target = EB19A3CB19228F79000327F0 /* ShoppingAssistant */;
			targetProxy = EB19A3EC19228F79000327F0 /* PBXContainerItemProxy */;
		};
/* End PBXTargetDependency section */

/* Begin PBXVariantGroup section */
		EB19A3D819228F79000327F0 /* InfoPlist.strings */ = {
			isa = PBXVariantGroup;
			children = (
				EB19A3D919228F79000327F0 /* en */,
			);
			name = InfoPlist.strings;
			sourceTree = "<group>";
		};
		EB19A3F119228F79000327F0 /* InfoPlist.strings */ = {
			isa = PBXVariantGroup;
			children = (
				EB19A3F219228F79000327F0 /* en */,
			);
			name = InfoPlist.strings;
			sourceTree = "<group>";
		};
/* End PBXVariantGroup section */

/* Begin XCBuildConfiguration section */
		EB19A3F619228F79000327F0 /* Debug */ = {
			isa = XCBuildConfiguration;
			buildSettings = {
				ALWAYS_SEARCH_USER_PATHS = NO;
				CLANG_CXX_LANGUAGE_STANDARD = "gnu++0x";
				CLANG_CXX_LIBRARY = "libc++";
				CLANG_ENABLE_MODULES = YES;
				CLANG_ENABLE_OBJC_ARC = YES;
				CLANG_WARN_BOOL_CONVERSION = YES;
				CLANG_WARN_CONSTANT_CONVERSION = YES;
				CLANG_WARN_DIRECT_OBJC_ISA_USAGE = YES_ERROR;
				CLANG_WARN_EMPTY_BODY = YES;
				CLANG_WARN_ENUM_CONVERSION = YES;
				CLANG_WARN_INT_CONVERSION = YES;
				CLANG_WARN_OBJC_ROOT_CLASS = YES_ERROR;
				CLANG_WARN__DUPLICATE_METHOD_MATCH = YES;
				"CODE_SIGN_IDENTITY[sdk=iphoneos*]" = "iPhone Developer";
				COPY_PHASE_STRIP = NO;
				GCC_C_LANGUAGE_STANDARD = gnu99;
				GCC_DYNAMIC_NO_PIC = NO;
				GCC_OPTIMIZATION_LEVEL = 0;
				GCC_PREPROCESSOR_DEFINITIONS = (
					"DEBUG=1",
					"$(inherited)",
				);
				GCC_SYMBOLS_PRIVATE_EXTERN = NO;
				GCC_WARN_64_TO_32_BIT_CONVERSION = YES;
				GCC_WARN_ABOUT_RETURN_TYPE = YES_ERROR;
				GCC_WARN_UNDECLARED_SELECTOR = YES;
				GCC_WARN_UNINITIALIZED_AUTOS = YES_AGGRESSIVE;
				GCC_WARN_UNUSED_FUNCTION = YES;
				GCC_WARN_UNUSED_VARIABLE = YES;
				IPHONEOS_DEPLOYMENT_TARGET = 7.1;
				ONLY_ACTIVE_ARCH = YES;
				SDKROOT = iphoneos;
			};
			name = Debug;
		};
		EB19A3F719228F79000327F0 /* Release */ = {
			isa = XCBuildConfiguration;
			buildSettings = {
				ALWAYS_SEARCH_USER_PATHS = NO;
				CLANG_CXX_LANGUAGE_STANDARD = "gnu++0x";
				CLANG_CXX_LIBRARY = "libc++";
				CLANG_ENABLE_MODULES = YES;
				CLANG_ENABLE_OBJC_ARC = YES;
				CLANG_WARN_BOOL_CONVERSION = YES;
				CLANG_WARN_CONSTANT_CONVERSION = YES;
				CLANG_WARN_DIRECT_OBJC_ISA_USAGE = YES_ERROR;
				CLANG_WARN_EMPTY_BODY = YES;
				CLANG_WARN_ENUM_CONVERSION = YES;
				CLANG_WARN_INT_CONVERSION = YES;
				CLANG_WARN_OBJC_ROOT_CLASS = YES_ERROR;
				CLANG_WARN__DUPLICATE_METHOD_MATCH = YES;
				"CODE_SIGN_IDENTITY[sdk=iphoneos*]" = "iPhone Developer";
				COPY_PHASE_STRIP = YES;
				ENABLE_NS_ASSERTIONS = NO;
				GCC_C_LANGUAGE_STANDARD = gnu99;
				GCC_WARN_64_TO_32_BIT_CONVERSION = YES;
				GCC_WARN_ABOUT_RETURN_TYPE = YES_ERROR;
				GCC_WARN_UNDECLARED_SELECTOR = YES;
				GCC_WARN_UNINITIALIZED_AUTOS = YES_AGGRESSIVE;
				GCC_WARN_UNUSED_FUNCTION = YES;
				GCC_WARN_UNUSED_VARIABLE = YES;
				IPHONEOS_DEPLOYMENT_TARGET = 7.1;
				SDKROOT = iphoneos;
				VALIDATE_PRODUCT = YES;
			};
			name = Release;
		};
		EB19A3F919228F79000327F0 /* Debug */ = {
			isa = XCBuildConfiguration;
			buildSettings = {
				ASSETCATALOG_COMPILER_APPICON_NAME = AppIcon;
				ASSETCATALOG_COMPILER_LAUNCHIMAGE_NAME = LaunchImage;
				GCC_PRECOMPILE_PREFIX_HEADER = YES;
				GCC_PREFIX_HEADER = "ShoppingAssistant/ShoppingAssistant-Prefix.pch";
				INFOPLIST_FILE = "ShoppingAssistant/ShoppingAssistant-Info.plist";
				PRODUCT_NAME = "$(TARGET_NAME)";
				WRAPPER_EXTENSION = app;
			};
			name = Debug;
		};
		EB19A3FA19228F79000327F0 /* Release */ = {
			isa = XCBuildConfiguration;
			buildSettings = {
				ASSETCATALOG_COMPILER_APPICON_NAME = AppIcon;
				ASSETCATALOG_COMPILER_LAUNCHIMAGE_NAME = LaunchImage;
				GCC_PRECOMPILE_PREFIX_HEADER = YES;
				GCC_PREFIX_HEADER = "ShoppingAssistant/ShoppingAssistant-Prefix.pch";
				INFOPLIST_FILE = "ShoppingAssistant/ShoppingAssistant-Info.plist";
				PRODUCT_NAME = "$(TARGET_NAME)";
				WRAPPER_EXTENSION = app;
			};
			name = Release;
		};
		EB19A3FC19228F79000327F0 /* Debug */ = {
			isa = XCBuildConfiguration;
			buildSettings = {
				BUNDLE_LOADER = "$(BUILT_PRODUCTS_DIR)/ShoppingAssistant.app/ShoppingAssistant";
				FRAMEWORK_SEARCH_PATHS = (
					"$(SDKROOT)/Developer/Library/Frameworks",
					"$(inherited)",
					"$(DEVELOPER_FRAMEWORKS_DIR)",
				);
				GCC_PRECOMPILE_PREFIX_HEADER = YES;
				GCC_PREFIX_HEADER = "ShoppingAssistant/ShoppingAssistant-Prefix.pch";
				GCC_PREPROCESSOR_DEFINITIONS = (
					"DEBUG=1",
					"$(inherited)",
				);
				INFOPLIST_FILE = "ShoppingAssistantTests/ShoppingAssistantTests-Info.plist";
				PRODUCT_NAME = "$(TARGET_NAME)";
				TEST_HOST = "$(BUNDLE_LOADER)";
				WRAPPER_EXTENSION = xctest;
			};
			name = Debug;
		};
		EB19A3FD19228F79000327F0 /* Release */ = {
			isa = XCBuildConfiguration;
			buildSettings = {
				BUNDLE_LOADER = "$(BUILT_PRODUCTS_DIR)/ShoppingAssistant.app/ShoppingAssistant";
				FRAMEWORK_SEARCH_PATHS = (
					"$(SDKROOT)/Developer/Library/Frameworks",
					"$(inherited)",
					"$(DEVELOPER_FRAMEWORKS_DIR)",
				);
				GCC_PRECOMPILE_PREFIX_HEADER = YES;
				GCC_PREFIX_HEADER = "ShoppingAssistant/ShoppingAssistant-Prefix.pch";
				INFOPLIST_FILE = "ShoppingAssistantTests/ShoppingAssistantTests-Info.plist";
				PRODUCT_NAME = "$(TARGET_NAME)";
				TEST_HOST = "$(BUNDLE_LOADER)";
				WRAPPER_EXTENSION = xctest;
			};
			name = Release;
		};
/* End XCBuildConfiguration section */

/* Begin XCConfigurationList section */
		EB19A3C719228F79000327F0 /* Build configuration list for PBXProject "ShoppingAssistant" */ = {
			isa = XCConfigurationList;
			buildConfigurations = (
				EB19A3F619228F79000327F0 /* Debug */,
				EB19A3F719228F79000327F0 /* Release */,
			);
			defaultConfigurationIsVisible = 0;
			defaultConfigurationName = Release;
		};
		EB19A3F819228F79000327F0 /* Build configuration list for PBXNativeTarget "ShoppingAssistant" */ = {
			isa = XCConfigurationList;
			buildConfigurations = (
				EB19A3F919228F79000327F0 /* Debug */,
				EB19A3FA19228F79000327F0 /* Release */,
			);
			defaultConfigurationIsVisible = 0;
		};
		EB19A3FB19228F79000327F0 /* Build configuration list for PBXNativeTarget "ShoppingAssistantTests" */ = {
			isa = XCConfigurationList;
			buildConfigurations = (
				EB19A3FC19228F79000327F0 /* Debug */,
				EB19A3FD19228F79000327F0 /* Release */,
			);
			defaultConfigurationIsVisible = 0;
		};
/* End XCConfigurationList section */
	};
	rootObject = EB19A3C419228F79000327F0 /* Project object */;
}
